
Microsoft Visual Studio Solution File, Format Version 12.00
# Visual Studio Version 17
VisualStudioVersion = 17.3.32819.101
MinimumVisualStudioVersion = 10.0.40219.1
Project("{FAE04EC0-301F-11D3-BF4B-00C04F79EFBC}") = "east-india-trading", "east-india-trading\east-india-trading.csproj", "{0ED791C6-6C0C-4D40-80F4-2B761B0E9E5F}"
EndProject
Global
	GlobalSection(SolutionConfigurationPlatforms) = preSolution
		Debug|Any CPU = Debug|Any CPU
		Release|Any CPU = Release|Any CPU
	EndGlobalSection
	GlobalSection(ProjectConfigurationPlatforms) = postSolution
		{0ED791C6-6C0C-4D40-80F4-2B761B0E9E5F}.Debug|Any CPU.ActiveCfg = Debug|Any CPU
		{0ED791C6-6C0C-4D40-80F4-2B761B0E9E5F}.Debug|Any CPU.Build.0 = Debug|Any CPU
		{0ED791C6-6C0C-4D40-80F4-2B761B0E9E5F}.Release|Any CPU.ActiveCfg = Release|Any CPU
		{0ED791C6-6C0C-4D40-80F4-2B761B0E9E5F}.Release|Any CPU.Build.0 = Release|Any CPU
	EndGlobalSection
	GlobalSection(SolutionProperties) = preSolution
		HideSolutionNode = FALSE
	EndGlobalSection
	GlobalSection(ExtensibilityGlobals) = postSolution
		SolutionGuid = {9BDFDF8A-CBCD-494C-8DFF-FB624AB49434}
	EndGlobalSection
EndGlobal
